{
  "name": "g11ntest",
  "version": "1.0.0",
  "lockfileVersion": 1,
  "requires": true,
  "dependencies": {
    "g11n-js": {
      "version": "https://github.com/elkuku/g11n-js/tarball/master",
      "integrity": "sha512-17vwe3vqwzXv9KAwjIE4PeSuhZ/+DPAhFA/4LEgwhS7e20VBFZkEEc61r5ZrwPeEDjrBmvjfbUnM5DsijPZRQA=="
    }
  }
}
